
Microsoft Visual Studio Solution File, Format Version 12.00
# Visual Studio 15
VisualStudioVersion = 15.0.26430.16
MinimumVisualStudioVersion = 10.0.40219.1
Project("{FAE04EC0-301F-11D3-BF4B-00C04F79EFBC}") = "Exchange.Android", "Exchange\Exchange.Android\Exchange.Android.csproj", "{EB693E83-3503-49C4-AA35-0054F97F7B6F}"
EndProject
Project("{FAE04EC0-301F-11D3-BF4B-00C04F79EFBC}") = "Exchange", "Exchange\Exchange\Exchange.csproj", "{DB22AE40-5196-45A7-80B4-4B7FC409E0E3}"
EndProject
Project("{FAE04EC0-301F-11D3-BF4B-00C04F79EFBC}") = "Exchange.UWP", "Exchange\Exchange.UWP\Exchange.UWP.csproj", "{BEAE165E-115F-48B6-953D-E77B965AE151}"
EndProject
Project("{FAE04EC0-301F-11D3-BF4B-00C04F79EFBC}") = "Exchange.iOS", "Exchange\Exchange.iOS\Exchange.iOS.csproj", "{AA907C67-3786-4DFB-95F1-CA4B8F7EA236}"
EndProject
Global
	GlobalSection(SolutionConfigurationPlatforms) = preSolution
		Ad-Hoc|Any CPU = Ad-Hoc|Any CPU
		Ad-Hoc|ARM = Ad-Hoc|ARM
		Ad-Hoc|iPhone = Ad-Hoc|iPhone
		Ad-Hoc|iPhoneSimulator = Ad-Hoc|iPhoneSimulator
		Ad-Hoc|x64 = Ad-Hoc|x64
		Ad-Hoc|x86 = Ad-Hoc|x86
		AppStore|Any CPU = AppStore|Any CPU
		AppStore|ARM = AppStore|ARM
		AppStore|iPhone = AppStore|iPhone
		AppStore|iPhoneSimulator = AppStore|iPhoneSimulator
		AppStore|x64 = AppStore|x64
		AppStore|x86 = AppStore|x86
		Debug|Any CPU = Debug|Any CPU
		Debug|ARM = Debug|ARM
		Debug|iPhone = Debug|iPhone
		Debug|iPhoneSimulator = Debug|iPhoneSimulator
		Debug|x64 = Debug|x64
		Debug|x86 = Debug|x86
		Release|Any CPU = Release|Any CPU
		Release|ARM = Release|ARM
		Release|iPhone = Release|iPhone
		Release|iPhoneSimulator = Release|iPhoneSimulator
		Release|x64 = Release|x64
		Release|x86 = Release|x86
	EndGlobalSection
	GlobalSection(ProjectConfigurationPlatforms) = postSolution
		{EB693E83-3503-49C4-AA35-0054F97F7B6F}.Ad-Hoc|Any CPU.ActiveCfg = Release|Any CPU
		{EB693E83-3503-49C4-AA35-0054F97F7B6F}.Ad-Hoc|Any CPU.Build.0 = Release|Any CPU
		{EB693E83-3503-49C4-AA35-0054F97F7B6F}.Ad-Hoc|Any CPU.Deploy.0 = Release|Any CPU
		{EB693E83-3503-49C4-AA35-0054F97F7B6F}.Ad-Hoc|ARM.ActiveCfg = Release|Any CPU
		{EB693E83-3503-49C4-AA35-0054F97F7B6F}.Ad-Hoc|ARM.Build.0 = Release|Any CPU
		{EB693E83-3503-49C4-AA35-0054F97F7B6F}.Ad-Hoc|ARM.Deploy.0 = Release|Any CPU
		{EB693E83-3503-49C4-AA35-0054F97F7B6F}.Ad-Hoc|iPhone.ActiveCfg = Release|Any CPU
		{EB693E83-3503-49C4-AA35-0054F97F7B6F}.Ad-Hoc|iPhone.Build.0 = Release|Any CPU
		{EB693E83-3503-49C4-AA35-0054F97F7B6F}.Ad-Hoc|iPhone.Deploy.0 = Release|Any CPU
		{EB693E83-3503-49C4-AA35-0054F97F7B6F}.Ad-Hoc|iPhoneSimulator.ActiveCfg = Release|Any CPU
		{EB693E83-3503-49C4-AA35-0054F97F7B6F}.Ad-Hoc|iPhoneSimulator.Build.0 = Release|Any CPU
		{EB693E83-3503-49C4-AA35-0054F97F7B6F}.Ad-Hoc|iPhoneSimulator.Deploy.0 = Release|Any CPU
		{EB693E83-3503-49C4-AA35-0054F97F7B6F}.Ad-Hoc|x64.ActiveCfg = Release|Any CPU
		{EB693E83-3503-49C4-AA35-0054F97F7B6F}.Ad-Hoc|x64.Build.0 = Release|Any CPU
		{EB693E83-3503-49C4-AA35-0054F97F7B6F}.Ad-Hoc|x64.Deploy.0 = Release|Any CPU
		{EB693E83-3503-49C4-AA35-0054F97F7B6F}.Ad-Hoc|x86.ActiveCfg = Release|Any CPU
		{EB693E83-3503-49C4-AA35-0054F97F7B6F}.Ad-Hoc|x86.Build.0 = Release|Any CPU
		{EB693E83-3503-49C4-AA35-0054F97F7B6F}.Ad-Hoc|x86.Deploy.0 = Release|Any CPU
		{EB693E83-3503-49C4-AA35-0054F97F7B6F}.AppStore|Any CPU.ActiveCfg = Release|Any CPU
		{EB693E83-3503-49C4-AA35-0054F97F7B6F}.AppStore|Any CPU.Build.0 = Release|Any CPU
		{EB693E83-3503-49C4-AA35-0054F97F7B6F}.AppStore|Any CPU.Deploy.0 = Release|Any CPU
		{EB693E83-3503-49C4-AA35-0054F97F7B6F}.AppStore|ARM.ActiveCfg = Release|Any CPU
		{EB693E83-3503-49C4-AA35-0054F97F7B6F}.AppStore|ARM.Build.0 = Release|Any CPU
		{EB693E83-3503-49C4-AA35-0054F97F7B6F}.AppStore|ARM.Deploy.0 = Release|Any CPU
		{EB693E83-3503-49C4-AA35-0054F97F7B6F}.AppStore|iPhone.ActiveCfg = Release|Any CPU
		{EB693E83-3503-49C4-AA35-0054F97F7B6F}.AppStore|iPhone.Build.0 = Release|Any CPU
		{EB693E83-3503-49C4-AA35-0054F97F7B6F}.AppStore|iPhone.Deploy.0 = Release|Any CPU
		{EB693E83-3503-49C4-AA35-0054F97F7B6F}.AppStore|iPhoneSimulator.ActiveCfg = Release|Any CPU
		{EB693E83-3503-49C4-AA35-0054F97F7B6F}.AppStore|iPhoneSimulator.Build.0 = Release|Any CPU
		{EB693E83-3503-49C4-AA35-0054F97F7B6F}.AppStore|iPhoneSimulator.Deploy.0 = Release|Any CPU
		{EB693E83-3503-49C4-AA35-0054F97F7B6F}.AppStore|x64.ActiveCfg = Release|Any CPU
		{EB693E83-3503-49C4-AA35-0054F97F7B6F}.AppStore|x64.Build.0 = Release|Any CPU
		{EB693E83-3503-49C4-AA35-0054F97F7B6F}.AppStore|x64.Deploy.0 = Release|Any CPU
		{EB693E83-3503-49C4-AA35-0054F97F7B6F}.AppStore|x86.ActiveCfg = Release|Any CPU
		{EB693E83-3503-49C4-AA35-0054F97F7B6F}.AppStore|x86.Build.0 = Release|Any CPU
		{EB693E83-3503-49C4-AA35-0054F97F7B6F}.AppStore|x86.Deploy.0 = Release|Any CPU
		{EB693E83-3503-49C4-AA35-0054F97F7B6F}.Debug|Any CPU.ActiveCfg = Debug|Any CPU
		{EB693E83-3503-49C4-AA35-0054F97F7B6F}.Debug|Any CPU.Build.0 = Debug|Any CPU
		{EB693E83-3503-49C4-AA35-0054F97F7B6F}.Debug|Any CPU.Deploy.0 = Debug|Any CPU
		{EB693E83-3503-49C4-AA35-0054F97F7B6F}.Debug|ARM.ActiveCfg = Debug|Any CPU
		{EB693E83-3503-49C4-AA35-0054F97F7B6F}.Debug|ARM.Build.0 = Debug|Any CPU
		{EB693E83-3503-49C4-AA35-0054F97F7B6F}.Debug|ARM.Deploy.0 = Debug|Any CPU
		{EB693E83-3503-49C4-AA35-0054F97F7B6F}.Debug|iPhone.ActiveCfg = Debug|Any CPU
		{EB693E83-3503-49C4-AA35-0054F97F7B6F}.Debug|iPhone.Build.0 = Debug|Any CPU
		{EB693E83-3503-49C4-AA35-0054F97F7B6F}.Debug|iPhone.Deploy.0 = Debug|Any CPU
		{EB693E83-3503-49C4-AA35-0054F97F7B6F}.Debug|iPhoneSimulator.ActiveCfg = Debug|Any CPU
		{EB693E83-3503-49C4-AA35-0054F97F7B6F}.Debug|iPhoneSimulator.Build.0 = Debug|Any CPU
		{EB693E83-3503-49C4-AA35-0054F97F7B6F}.Debug|iPhoneSimulator.Deploy.0 = Debug|Any CPU
		{EB693E83-3503-49C4-AA35-0054F97F7B6F}.Debug|x64.ActiveCfg = Debug|Any CPU
		{EB693E83-3503-49C4-AA35-0054F97F7B6F}.Debug|x64.Build.0 = Debug|Any CPU
		{EB693E83-3503-49C4-AA35-0054F97F7B6F}.Debug|x64.Deploy.0 = Debug|Any CPU
		{EB693E83-3503-49C4-AA35-0054F97F7B6F}.Debug|x86.ActiveCfg = Debug|Any CPU
		{EB693E83-3503-49C4-AA35-0054F97F7B6F}.Debug|x86.Build.0 = Debug|Any CPU
		{EB693E83-3503-49C4-AA35-0054F97F7B6F}.Debug|x86.Deploy.0 = Debug|Any CPU
		{EB693E83-3503-49C4-AA35-0054F97F7B6F}.Release|Any CPU.ActiveCfg = Release|Any CPU
		{EB693E83-3503-49C4-AA35-0054F97F7B6F}.Release|Any CPU.Build.0 = Release|Any CPU
		{EB693E83-3503-49C4-AA35-0054F97F7B6F}.Release|Any CPU.Deploy.0 = Release|Any CPU
		{EB693E83-3503-49C4-AA35-0054F97F7B6F}.Release|ARM.ActiveCfg = Release|Any CPU
		{EB693E83-3503-49C4-AA35-0054F97F7B6F}.Release|ARM.Build.0 = Release|Any CPU
		{EB693E83-3503-49C4-AA35-0054F97F7B6F}.Release|ARM.Deploy.0 = Release|Any CPU
		{EB693E83-3503-49C4-AA35-0054F97F7B6F}.Release|iPhone.ActiveCfg = Release|Any CPU
		{EB693E83-3503-49C4-AA35-0054F97F7B6F}.Release|iPhone.Build.0 = Release|Any CPU
		{EB693E83-3503-49C4-AA35-0054F97F7B6F}.Release|iPhone.Deploy.0 = Release|Any CPU
		{EB693E83-3503-49C4-AA35-0054F97F7B6F}.Release|iPhoneSimulator.ActiveCfg = Release|Any CPU
		{EB693E83-3503-49C4-AA35-0054F97F7B6F}.Release|iPhoneSimulator.Build.0 = Release|Any CPU
		{EB693E83-3503-49C4-AA35-0054F97F7B6F}.Release|iPhoneSimulator.Deploy.0 = Release|Any CPU
		{EB693E83-3503-49C4-AA35-0054F97F7B6F}.Release|x64.ActiveCfg = Release|Any CPU
		{EB693E83-3503-49C4-AA35-0054F97F7B6F}.Release|x64.Build.0 = Release|Any CPU
		{EB693E83-3503-49C4-AA35-0054F97F7B6F}.Release|x64.Deploy.0 = Release|Any CPU
		{EB693E83-3503-49C4-AA35-0054F97F7B6F}.Release|x86.ActiveCfg = Release|Any CPU
		{EB693E83-3503-49C4-AA35-0054F97F7B6F}.Release|x86.Build.0 = Release|Any CPU
		{EB693E83-3503-49C4-AA35-0054F97F7B6F}.Release|x86.Deploy.0 = Release|Any CPU
		{DB22AE40-5196-45A7-80B4-4B7FC409E0E3}.Ad-Hoc|Any CPU.ActiveCfg = Release|Any CPU
		{DB22AE40-5196-45A7-80B4-4B7FC409E0E3}.Ad-Hoc|Any CPU.Build.0 = Release|Any CPU
		{DB22AE40-5196-45A7-80B4-4B7FC409E0E3}.Ad-Hoc|ARM.ActiveCfg = Release|Any CPU
		{DB22AE40-5196-45A7-80B4-4B7FC409E0E3}.Ad-Hoc|ARM.Build.0 = Release|Any CPU
		{DB22AE40-5196-45A7-80B4-4B7FC409E0E3}.Ad-Hoc|iPhone.ActiveCfg = Release|Any CPU
		{DB22AE40-5196-45A7-80B4-4B7FC409E0E3}.Ad-Hoc|iPhone.Build.0 = Release|Any CPU
		{DB22AE40-5196-45A7-80B4-4B7FC409E0E3}.Ad-Hoc|iPhoneSimulator.ActiveCfg = Release|Any CPU
		{DB22AE40-5196-45A7-80B4-4B7FC409E0E3}.Ad-Hoc|iPhoneSimulator.Build.0 = Release|Any CPU
		{DB22AE40-5196-45A7-80B4-4B7FC409E0E3}.Ad-Hoc|x64.ActiveCfg = Release|Any CPU
		{DB22AE40-5196-45A7-80B4-4B7FC409E0E3}.Ad-Hoc|x64.Build.0 = Release|Any CPU
		{DB22AE40-5196-45A7-80B4-4B7FC409E0E3}.Ad-Hoc|x86.ActiveCfg = Release|Any CPU
		{DB22AE40-5196-45A7-80B4-4B7FC409E0E3}.Ad-Hoc|x86.Build.0 = Release|Any CPU
		{DB22AE40-5196-45A7-80B4-4B7FC409E0E3}.AppStore|Any CPU.ActiveCfg = Release|Any CPU
		{DB22AE40-5196-45A7-80B4-4B7FC409E0E3}.AppStore|Any CPU.Build.0 = Release|Any CPU
		{DB22AE40-5196-45A7-80B4-4B7FC409E0E3}.AppStore|ARM.ActiveCfg = Release|Any CPU
		{DB22AE40-5196-45A7-80B4-4B7FC409E0E3}.AppStore|ARM.Build.0 = Release|Any CPU
		{DB22AE40-5196-45A7-80B4-4B7FC409E0E3}.AppStore|iPhone.ActiveCfg = Release|Any CPU
		{DB22AE40-5196-45A7-80B4-4B7FC409E0E3}.AppStore|iPhone.Build.0 = Release|Any CPU
		{DB22AE40-5196-45A7-80B4-4B7FC409E0E3}.AppStore|iPhoneSimulator.ActiveCfg = Release|Any CPU
		{DB22AE40-5196-45A7-80B4-4B7FC409E0E3}.AppStore|iPhoneSimulator.Build.0 = Release|Any CPU
		{DB22AE40-5196-45A7-80B4-4B7FC409E0E3}.AppStore|x64.ActiveCfg = Release|Any CPU
		{DB22AE40-5196-45A7-80B4-4B7FC409E0E3}.AppStore|x64.Build.0 = Release|Any CPU
		{DB22AE40-5196-45A7-80B4-4B7FC409E0E3}.AppStore|x86.ActiveCfg = Release|Any CPU
		{DB22AE40-5196-45A7-80B4-4B7FC409E0E3}.AppStore|x86.Build.0 = Release|Any CPU
		{DB22AE40-5196-45A7-80B4-4B7FC409E0E3}.Debug|Any CPU.ActiveCfg = Debug|Any CPU
		{DB22AE40-5196-45A7-80B4-4B7FC409E0E3}.Debug|Any CPU.Build.0 = Debug|Any CPU
		{DB22AE40-5196-45A7-80B4-4B7FC409E0E3}.Debug|ARM.ActiveCfg = Debug|Any CPU
		{DB22AE40-5196-45A7-80B4-4B7FC409E0E3}.Debug|ARM.Build.0 = Debug|Any CPU
		{DB22AE40-5196-45A7-80B4-4B7FC409E0E3}.Debug|iPhone.ActiveCfg = Debug|Any CPU
		{DB22AE40-5196-45A7-80B4-4B7FC409E0E3}.Debug|iPhone.Build.0 = Debug|Any CPU
		{DB22AE40-5196-45A7-80B4-4B7FC409E0E3}.Debug|iPhoneSimulator.ActiveCfg = Debug|Any CPU
		{DB22AE40-5196-45A7-80B4-4B7FC409E0E3}.Debug|iPhoneSimulator.Build.0 = Debug|Any CPU
		{DB22AE40-5196-45A7-80B4-4B7FC409E0E3}.Debug|x64.ActiveCfg = Debug|Any CPU
		{DB22AE40-5196-45A7-80B4-4B7FC409E0E3}.Debug|x64.Build.0 = Debug|Any CPU
		{DB22AE40-5196-45A7-80B4-4B7FC409E0E3}.Debug|x86.ActiveCfg = Debug|Any CPU
		{DB22AE40-5196-45A7-80B4-4B7FC409E0E3}.Debug|x86.Build.0 = Debug|Any CPU
		{DB22AE40-5196-45A7-80B4-4B7FC409E0E3}.Release|Any CPU.ActiveCfg = Release|Any CPU
		{DB22AE40-5196-45A7-80B4-4B7FC409E0E3}.Release|Any CPU.Build.0 = Release|Any CPU
		{DB22AE40-5196-45A7-80B4-4B7FC409E0E3}.Release|ARM.ActiveCfg = Release|Any CPU
		{DB22AE40-5196-45A7-80B4-4B7FC409E0E3}.Release|ARM.Build.0 = Release|Any CPU
		{DB22AE40-5196-45A7-80B4-4B7FC409E0E3}.Release|iPhone.ActiveCfg = Release|Any CPU
		{DB22AE40-5196-45A7-80B4-4B7FC409E0E3}.Release|iPhone.Build.0 = Release|Any CPU
		{DB22AE40-5196-45A7-80B4-4B7FC409E0E3}.Release|iPhoneSimulator.ActiveCfg = Release|Any CPU
		{DB22AE40-5196-45A7-80B4-4B7FC409E0E3}.Release|iPhoneSimulator.Build.0 = Release|Any CPU
		{DB22AE40-5196-45A7-80B4-4B7FC409E0E3}.Release|x64.ActiveCfg = Release|Any CPU
		{DB22AE40-5196-45A7-80B4-4B7FC409E0E3}.Release|x64.Build.0 = Release|Any CPU
		{DB22AE40-5196-45A7-80B4-4B7FC409E0E3}.Release|x86.ActiveCfg = Release|Any CPU
		{DB22AE40-5196-45A7-80B4-4B7FC409E0E3}.Release|x86.Build.0 = Release|Any CPU
		{BEAE165E-115F-48B6-953D-E77B965AE151}.Ad-Hoc|Any CPU.ActiveCfg = Release|x86
		{BEAE165E-115F-48B6-953D-E77B965AE151}.Ad-Hoc|Any CPU.Build.0 = Release|x86
		{BEAE165E-115F-48B6-953D-E77B965AE151}.Ad-Hoc|Any CPU.Deploy.0 = Release|x86
		{BEAE165E-115F-48B6-953D-E77B965AE151}.Ad-Hoc|ARM.ActiveCfg = Release|ARM
		{BEAE165E-115F-48B6-953D-E77B965AE151}.Ad-Hoc|ARM.Build.0 = Release|ARM
		{BEAE165E-115F-48B6-953D-E77B965AE151}.Ad-Hoc|ARM.Deploy.0 = Release|ARM
		{BEAE165E-115F-48B6-953D-E77B965AE151}.Ad-Hoc|iPhone.ActiveCfg = Release|x86
		{BEAE165E-115F-48B6-953D-E77B965AE151}.Ad-Hoc|iPhone.Build.0 = Release|x86
		{BEAE165E-115F-48B6-953D-E77B965AE151}.Ad-Hoc|iPhone.Deploy.0 = Release|x86
		{BEAE165E-115F-48B6-953D-E77B965AE151}.Ad-Hoc|iPhoneSimulator.ActiveCfg = Release|x86
		{BEAE165E-115F-48B6-953D-E77B965AE151}.Ad-Hoc|iPhoneSimulator.Build.0 = Release|x86
		{BEAE165E-115F-48B6-953D-E77B965AE151}.Ad-Hoc|iPhoneSimulator.Deploy.0 = Release|x86
		{BEAE165E-115F-48B6-953D-E77B965AE151}.Ad-Hoc|x64.ActiveCfg = Release|x64
		{BEAE165E-115F-48B6-953D-E77B965AE151}.Ad-Hoc|x64.Build.0 = Release|x64
		{BEAE165E-115F-48B6-953D-E77B965AE151}.Ad-Hoc|x64.Deploy.0 = Release|x64
		{BEAE165E-115F-48B6-953D-E77B965AE151}.Ad-Hoc|x86.ActiveCfg = Release|x86
		{BEAE165E-115F-48B6-953D-E77B965AE151}.Ad-Hoc|x86.Build.0 = Release|x86
		{BEAE165E-115F-48B6-953D-E77B965AE151}.Ad-Hoc|x86.Deploy.0 = Release|x86
		{BEAE165E-115F-48B6-953D-E77B965AE151}.AppStore|Any CPU.ActiveCfg = Release|x86
		{BEAE165E-115F-48B6-953D-E77B965AE151}.AppStore|Any CPU.Build.0 = Release|x86
		{BEAE165E-115F-48B6-953D-E77B965AE151}.AppStore|Any CPU.Deploy.0 = Release|x86
		{BEAE165E-115F-48B6-953D-E77B965AE151}.AppStore|ARM.ActiveCfg = Release|ARM
		{BEAE165E-115F-48B6-953D-E77B965AE151}.AppStore|ARM.Build.0 = Release|ARM
		{BEAE165E-115F-48B6-953D-E77B965AE151}.AppStore|ARM.Deploy.0 = Release|ARM
		{BEAE165E-115F-48B6-953D-E77B965AE151}.AppStore|iPhone.ActiveCfg = Release|x86
		{BEAE165E-115F-48B6-953D-E77B965AE151}.AppStore|iPhone.Build.0 = Release|x86
		{BEAE165E-115F-48B6-953D-E77B965AE151}.AppStore|iPhone.Deploy.0 = Release|x86
		{BEAE165E-115F-48B6-953D-E77B965AE151}.AppStore|iPhoneSimulator.ActiveCfg = Release|x86
		{BEAE165E-115F-48B6-953D-E77B965AE151}.AppStore|iPhoneSimulator.Build.0 = Release|x86
		{BEAE165E-115F-48B6-953D-E77B965AE151}.AppStore|iPhoneSimulator.Deploy.0 = Release|x86
		{BEAE165E-115F-48B6-953D-E77B965AE151}.AppStore|x64.ActiveCfg = Release|x64
		{BEAE165E-115F-48B6-953D-E77B965AE151}.AppStore|x64.Build.0 = Release|x64
		{BEAE165E-115F-48B6-953D-E77B965AE151}.AppStore|x64.Deploy.0 = Release|x64
		{BEAE165E-115F-48B6-953D-E77B965AE151}.AppStore|x86.ActiveCfg = Release|x86
		{BEAE165E-115F-48B6-953D-E77B965AE151}.AppStore|x86.Build.0 = Release|x86
		{BEAE165E-115F-48B6-953D-E77B965AE151}.AppStore|x86.Deploy.0 = Release|x86
		{BEAE165E-115F-48B6-953D-E77B965AE151}.Debug|Any CPU.ActiveCfg = Debug|x86
		{BEAE165E-115F-48B6-953D-E77B965AE151}.Debug|ARM.ActiveCfg = Debug|ARM
		{BEAE165E-115F-48B6-953D-E77B965AE151}.Debug|ARM.Build.0 = Debug|ARM
		{BEAE165E-115F-48B6-953D-E77B965AE151}.Debug|ARM.Deploy.0 = Debug|ARM
		{BEAE165E-115F-48B6-953D-E77B965AE151}.Debug|iPhone.ActiveCfg = Debug|x86
		{BEAE165E-115F-48B6-953D-E77B965AE151}.Debug|iPhoneSimulator.ActiveCfg = Debug|x86
		{BEAE165E-115F-48B6-953D-E77B965AE151}.Debug|x64.ActiveCfg = Debug|x64
		{BEAE165E-115F-48B6-953D-E77B965AE151}.Debug|x64.Build.0 = Debug|x64
		{BEAE165E-115F-48B6-953D-E77B965AE151}.Debug|x64.Deploy.0 = Debug|x64
		{BEAE165E-115F-48B6-953D-E77B965AE151}.Debug|x86.ActiveCfg = Debug|x86
		{BEAE165E-115F-48B6-953D-E77B965AE151}.Debug|x86.Build.0 = Debug|x86
		{BEAE165E-115F-48B6-953D-E77B965AE151}.Debug|x86.Deploy.0 = Debug|x86
		{BEAE165E-115F-48B6-953D-E77B965AE151}.Release|Any CPU.ActiveCfg = Release|x86
		{BEAE165E-115F-48B6-953D-E77B965AE151}.Release|ARM.ActiveCfg = Release|ARM
		{BEAE165E-115F-48B6-953D-E77B965AE151}.Release|ARM.Build.0 = Release|ARM
		{BEAE165E-115F-48B6-953D-E77B965AE151}.Release|ARM.Deploy.0 = Release|ARM
		{BEAE165E-115F-48B6-953D-E77B965AE151}.Release|iPhone.ActiveCfg = Release|x86
		{BEAE165E-115F-48B6-953D-E77B965AE151}.Release|iPhoneSimulator.ActiveCfg = Release|x86
		{BEAE165E-115F-48B6-953D-E77B965AE151}.Release|x64.ActiveCfg = Release|x64
		{BEAE165E-115F-48B6-953D-E77B965AE151}.Release|x64.Build.0 = Release|x64
		{BEAE165E-115F-48B6-953D-E77B965AE151}.Release|x64.Deploy.0 = Release|x64
		{BEAE165E-115F-48B6-953D-E77B965AE151}.Release|x86.ActiveCfg = Release|x86
		{BEAE165E-115F-48B6-953D-E77B965AE151}.Release|x86.Build.0 = Release|x86
		{BEAE165E-115F-48B6-953D-E77B965AE151}.Release|x86.Deploy.0 = Release|x86
		{AA907C67-3786-4DFB-95F1-CA4B8F7EA236}.Ad-Hoc|Any CPU.ActiveCfg = Ad-Hoc|iPhone
		{AA907C67-3786-4DFB-95F1-CA4B8F7EA236}.Ad-Hoc|ARM.ActiveCfg = Ad-Hoc|iPhone
		{AA907C67-3786-4DFB-95F1-CA4B8F7EA236}.Ad-Hoc|iPhone.ActiveCfg = Ad-Hoc|iPhone
		{AA907C67-3786-4DFB-95F1-CA4B8F7EA236}.Ad-Hoc|iPhone.Build.0 = Ad-Hoc|iPhone
		{AA907C67-3786-4DFB-95F1-CA4B8F7EA236}.Ad-Hoc|iPhoneSimulator.ActiveCfg = Ad-Hoc|iPhoneSimulator
		{AA907C67-3786-4DFB-95F1-CA4B8F7EA236}.Ad-Hoc|iPhoneSimulator.Build.0 = Ad-Hoc|iPhoneSimulator
		{AA907C67-3786-4DFB-95F1-CA4B8F7EA236}.Ad-Hoc|x64.ActiveCfg = Ad-Hoc|iPhone
		{AA907C67-3786-4DFB-95F1-CA4B8F7EA236}.Ad-Hoc|x86.ActiveCfg = Ad-Hoc|iPhone
		{AA907C67-3786-4DFB-95F1-CA4B8F7EA236}.AppStore|Any CPU.ActiveCfg = AppStore|iPhone
		{AA907C67-3786-4DFB-95F1-CA4B8F7EA236}.AppStore|ARM.ActiveCfg = AppStore|iPhone
		{AA907C67-3786-4DFB-95F1-CA4B8F7EA236}.AppStore|iPhone.ActiveCfg = AppStore|iPhone
		{AA907C67-3786-4DFB-95F1-CA4B8F7EA236}.AppStore|iPhone.Build.0 = AppStore|iPhone
		{AA907C67-3786-4DFB-95F1-CA4B8F7EA236}.AppStore|iPhoneSimulator.ActiveCfg = AppStore|iPhoneSimulator
		{AA907C67-3786-4DFB-95F1-CA4B8F7EA236}.AppStore|iPhoneSimulator.Build.0 = AppStore|iPhoneSimulator
		{AA907C67-3786-4DFB-95F1-CA4B8F7EA236}.AppStore|x64.ActiveCfg = AppStore|iPhone
		{AA907C67-3786-4DFB-95F1-CA4B8F7EA236}.AppStore|x86.ActiveCfg = AppStore|iPhone
		{AA907C67-3786-4DFB-95F1-CA4B8F7EA236}.Debug|Any CPU.ActiveCfg = Debug|iPhone
		{AA907C67-3786-4DFB-95F1-CA4B8F7EA236}.Debug|ARM.ActiveCfg = Debug|iPhone
		{AA907C67-3786-4DFB-95F1-CA4B8F7EA236}.Debug|iPhone.ActiveCfg = Debug|iPhone
		{AA907C67-3786-4DFB-95F1-CA4B8F7EA236}.Debug|iPhone.Build.0 = Debug|iPhone
		{AA907C67-3786-4DFB-95F1-CA4B8F7EA236}.Debug|iPhoneSimulator.ActiveCfg = Debug|iPhoneSimulator
		{AA907C67-3786-4DFB-95F1-CA4B8F7EA236}.Debug|iPhoneSimulator.Build.0 = Debug|iPhoneSimulator
		{AA907C67-3786-4DFB-95F1-CA4B8F7EA236}.Debug|x64.ActiveCfg = Debug|iPhone
		{AA907C67-3786-4DFB-95F1-CA4B8F7EA236}.Debug|x86.ActiveCfg = Debug|iPhone
		{AA907C67-3786-4DFB-95F1-CA4B8F7EA236}.Release|Any CPU.ActiveCfg = Release|iPhone
		{AA907C67-3786-4DFB-95F1-CA4B8F7EA236}.Release|ARM.ActiveCfg = Release|iPhone
		{AA907C67-3786-4DFB-95F1-CA4B8F7EA236}.Release|iPhone.ActiveCfg = Release|iPhone
		{AA907C67-3786-4DFB-95F1-CA4B8F7EA236}.Release|iPhone.Build.0 = Release|iPhone
		{AA907C67-3786-4DFB-95F1-CA4B8F7EA236}.Release|iPhoneSimulator.ActiveCfg = Release|iPhoneSimulator
		{AA907C67-3786-4DFB-95F1-CA4B8F7EA236}.Release|iPhoneSimulator.Build.0 = Release|iPhoneSimulator
		{AA907C67-3786-4DFB-95F1-CA4B8F7EA236}.Release|x64.ActiveCfg = Release|iPhone
		{AA907C67-3786-4DFB-95F1-CA4B8F7EA236}.Release|x86.ActiveCfg = Release|iPhone
	EndGlobalSection
	GlobalSection(SolutionProperties) = preSolution
		HideSolutionNode = FALSE
	EndGlobalSection
EndGlobal
